
Microsoft Visual Studio Solution File, Format Version 12.00
# Visual Studio Version 16
VisualStudioVersion = 16.0.29215.179
MinimumVisualStudioVersion = 10.0.40219.1
Project("{FAE04EC0-301F-11D3-BF4B-00C04F79EFBC}") = "Intro to Threading in Csharp", "Intro to Threading in Csharp\Intro to Threading in Csharp.csproj", "{C318057D-8B3A-40EB-B41A-9066A6B43ED3}"
EndProject
Global
	GlobalSection(SolutionConfigurationPlatforms) = preSolution
		Debug|Any CPU = Debug|Any CPU
		Release|Any CPU = Release|Any CPU
	EndGlobalSection
	GlobalSection(ProjectConfigurationPlatforms) = postSolution
		{C318057D-8B3A-40EB-B41A-9066A6B43ED3}.Debug|Any CPU.ActiveCfg = Debug|Any CPU
		{C318057D-8B3A-40EB-B41A-9066A6B43ED3}.Debug|Any CPU.Build.0 = Debug|Any CPU
		{C318057D-8B3A-40EB-B41A-9066A6B43ED3}.Release|Any CPU.ActiveCfg = Release|Any CPU
		{C318057D-8B3A-40EB-B41A-9066A6B43ED3}.Release|Any CPU.Build.0 = Release|Any CPU
	EndGlobalSection
	GlobalSection(SolutionProperties) = preSolution
		HideSolutionNode = FALSE
	EndGlobalSection
	GlobalSection(ExtensibilityGlobals) = postSolution
		SolutionGuid = {73739369-466C-479A-9D76-982F5E6F9F65}
	EndGlobalSection
EndGlobal
